
Microsoft Visual Studio Solution File, Format Version 12.00
# Visual Studio Version 17
VisualStudioVersion = 17.5.33530.505
MinimumVisualStudioVersion = 10.0.40219.1
Project("{FAE04EC0-301F-11D3-BF4B-00C04F79EFBC}") = "BorderlessNotepadApp", "BorderlessNotepadApp.csproj", "{B0218F24-2FE0-4451-9F59-B23D962FF669}"
EndProject
Project("{2150E333-8FDC-42A3-9474-1A3956D46DE8}") = "Solution Items", "Solution Items", "{64ED1E88-C366-4E17-86E6-4656F33DBC09}"
EndProject
Global
	GlobalSection(SolutionConfigurationPlatforms) = preSolution
		Debug|Any CPU = Debug|Any CPU
		Release|Any CPU = Release|Any CPU
	EndGlobalSection
	GlobalSection(ProjectConfigurationPlatforms) = postSolution
		{B0218F24-2FE0-4451-9F59-B23D962FF669}.Debug|Any CPU.ActiveCfg = Debug|Any CPU
		{B0218F24-2FE0-4451-9F59-B23D962FF669}.Debug|Any CPU.Build.0 = Debug|Any CPU
		{B0218F24-2FE0-4451-9F59-B23D962FF669}.Release|Any CPU.ActiveCfg = Release|Any CPU
		{B0218F24-2FE0-4451-9F59-B23D962FF669}.Release|Any CPU.Build.0 = Release|Any CPU
	EndGlobalSection
	GlobalSection(SolutionProperties) = preSolution
		HideSolutionNode = FALSE
	EndGlobalSection
	GlobalSection(ExtensibilityGlobals) = postSolution
		SolutionGuid = {30DD7858-C66E-4CEB-9253-D3F4F27AAA24}
	EndGlobalSection
EndGlobal
